
Microsoft Visual Studio Solution File, Format Version 12.00
# Visual Studio Version 16
VisualStudioVersion = 16.0.29306.81
MinimumVisualStudioVersion = 10.0.40219.1
Project("{888888A0-9F3D-457C-B088-3A5042F75D52}") = "dqntest2", "dqntest2\dqntest2.pyproj", "{C6D1FEDD-4627-43EC-B7C5-9C03E9B26077}"
EndProject
Global
	GlobalSection(SolutionConfigurationPlatforms) = preSolution
		Debug|Any CPU = Debug|Any CPU
		Release|Any CPU = Release|Any CPU
	EndGlobalSection
	GlobalSection(ProjectConfigurationPlatforms) = postSolution
		{C6D1FEDD-4627-43EC-B7C5-9C03E9B26077}.Debug|Any CPU.ActiveCfg = Debug|Any CPU
		{C6D1FEDD-4627-43EC-B7C5-9C03E9B26077}.Release|Any CPU.ActiveCfg = Release|Any CPU
	EndGlobalSection
	GlobalSection(SolutionProperties) = preSolution
		HideSolutionNode = FALSE
	EndGlobalSection
	GlobalSection(ExtensibilityGlobals) = postSolution
		SolutionGuid = {F858E579-866A-4ED0-952F-251691385D05}
	EndGlobalSection
EndGlobal
